<?xml version="1.0" encoding="UTF-8" standalone="yes" ?>
<CodeBlocks_project_file>
	<FileVersion major="1" minor="6" />
	<Project>
		<Option title="programacion-unlam" />
		<Option pch_mode="2" />
		<Option compiler="gcc" />
		<Build>
			<Target title="Debug">
				<Option output="bin/Debug/programacion-unlam" prefix_auto="1" extension_auto="1" />
				<Option object_output="obj/Debug/" />
				<Option type="1" />
				<Option compiler="gcc" />
				<Compiler>
					<Add option="-g" />
				</Compiler>
			</Target>
			<Target title="Release">
				<Option output="bin/Release/programacion-unlam" prefix_auto="1" extension_auto="1" />
				<Option object_output="obj/Release/" />
				<Option type="1" />
				<Option compiler="gcc" />
				<Compiler>
					<Add option="-O2" />
				</Compiler>
				<Linker>
					<Add option="-s" />
				</Linker>
			</Target>
		</Build>
		<Compiler>
			<Add option="-Wall" />
		</Compiler>
		<Unit filename="guia/core/fecha.c">
			<Option compilerVar="CC" />
		</Unit>
		<Unit filename="guia/core/fecha.h" />
		<Unit filename="guia/core/menu.c">
			<Option compilerVar="CC" />
		</Unit>
		<Unit filename="guia/core/menu.h" />
		<Unit filename="guia/core/pila_dinamica.c">
			<Option compilerVar="CC" />
		</Unit>
		<Unit filename="guia/core/pila_dinamica.h" />
		<Unit filename="guia/core/pila_estatica.c">
			<Option compilerVar="CC" />
		</Unit>
		<Unit filename="guia/core/pila_estatica.h" />
		<Unit filename="guia/core/tp1.c">
			<Option compilerVar="CC" />
		</Unit>
		<Unit filename="guia/core/tp1.h" />
		<Unit filename="guia/core/tp2.c">
			<Option compilerVar="CC" />
		</Unit>
		<Unit filename="guia/core/tp2.h" />
		<Unit filename="guia/core/types.h" />
		<Unit filename="guia/core/utils.c">
			<Option compilerVar="CC" />
		</Unit>
		<Unit filename="guia/core/utils.h" />
		<Unit filename="guia/main.c">
			<Option compilerVar="CC" />
		</Unit>
		<Unit filename="guia/tp1/ej14/tp1_ej14.c">
			<Option compilerVar="CC" />
		</Unit>
		<Unit filename="guia/tp1/ej14/tp1_ej14.h" />
		<Unit filename="guia/tp1/ej15/tp1_ej15.c">
			<Option compilerVar="CC" />
		</Unit>
		<Unit filename="guia/tp1/ej15/tp1_ej15.h" />
		<Unit filename="guia/tp1/ej16/tp1_ej16.c">
			<Option compilerVar="CC" />
		</Unit>
		<Unit filename="guia/tp1/ej16/tp1_ej16.h" />
		<Unit filename="guia/tp1/ej17/tp1_ej17.c">
			<Option compilerVar="CC" />
		</Unit>
		<Unit filename="guia/tp1/ej17/tp1_ej17.h" />
		<Unit filename="guia/tp1/ej18/tp1_ej18.c">
			<Option compilerVar="CC" />
		</Unit>
		<Unit filename="guia/tp1/ej18/tp1_ej18.h" />
		<Unit filename="guia/tp1/ej1/tp1_ej1.c">
			<Option compilerVar="CC" />
		</Unit>
		<Unit filename="guia/tp1/ej1/tp1_ej1.h" />
		<Unit filename="guia/tp1/ej22/tp1_ej22.c">
			<Option compilerVar="CC" />
		</Unit>
		<Unit filename="guia/tp1/ej22/tp1_ej22.h" />
		<Unit filename="guia/tp1/ej2/tp1_ej2.c">
			<Option compilerVar="CC" />
		</Unit>
		<Unit filename="guia/tp1/ej2/tp1_ej2.h" />
		<Unit filename="guia/tp1/ej3/tp1_ej3.c">
			<Option compilerVar="CC" />
		</Unit>
		<Unit filename="guia/tp1/ej3/tp1_ej3.h" />
		<Unit filename="guia/tp1/ej4/tp1_ej4.c">
			<Option compilerVar="CC" />
		</Unit>
		<Unit filename="guia/tp1/ej4/tp1_ej4.h" />
		<Unit filename="guia/tp2/ej13/tp2_ej13.c">
			<Option compilerVar="CC" />
		</Unit>
		<Unit filename="guia/tp2/ej13/tp2_ej13.h" />
		<Unit filename="guia/tp2/ej1/tp2_ej1.c">
			<Option compilerVar="CC" />
		</Unit>
		<Unit filename="guia/tp2/ej1/tp2_ej1.h" />
		<Unit filename="guia/tp2/ej9/tp2_ej9.c">
			<Option compilerVar="CC" />
		</Unit>
		<Unit filename="guia/tp2/ej9/tp2_ej9.h" />
		<Unit filename="parciales/ea1/funciones.c">
			<Option compilerVar="CC" />
		</Unit>
		<Unit filename="parciales/ea1/funciones.h" />
		<Unit filename="parciales/ea1/main.c">
			<Option compilerVar="CC" />
		</Unit>
		<Unit filename="parciales/ea1/main.h" />
		<Unit filename="parciales/ea2-c/funciones.c">
			<Option compilerVar="CC" />
		</Unit>
		<Unit filename="parciales/ea2-c/funciones.h" />
		<Unit filename="parciales/ea2-c/main.c">
			<Option compilerVar="CC" />
		</Unit>
		<Unit filename="parciales/ea2-c/main.h" />
		<Unit filename="parciales/ea2-cpp/Prisma.cpp" />
		<Unit filename="parciales/ea2-cpp/Prisma.h" />
		<Unit filename="parciales/ea2-cpp/main.cpp" />
		<Unit filename="parciales/ea2-cpp/main.h" />
		<Unit filename="parciales/ea2r-c/funciones.c">
			<Option compilerVar="CC" />
		</Unit>
		<Unit filename="parciales/ea2r-c/funciones.h" />
		<Unit filename="parciales/ea2r-c/main.c">
			<Option compilerVar="CC" />
		</Unit>
		<Unit filename="parciales/ea2r-c/main.h" />
		<Unit filename="parciales/ea3-c/funciones.c">
			<Option compilerVar="CC" />
		</Unit>
		<Unit filename="parciales/ea3-c/funciones.h" />
		<Unit filename="parciales/ea3-c/main.c">
			<Option compilerVar="CC" />
		</Unit>
		<Unit filename="parciales/ea3-c/main.h" />
		<Unit filename="parciales/ea3-cpp/Cuadrado.cpp" />
		<Unit filename="parciales/ea3-cpp/Cuadrado.h" />
		<Unit filename="parciales/ea3-cpp/Figura.cpp" />
		<Unit filename="parciales/ea3-cpp/Figura.h" />
		<Unit filename="parciales/ea3-cpp/FiguraInvalidaException.h" />
		<Unit filename="parciales/ea3-cpp/Rectangulo.cpp" />
		<Unit filename="parciales/ea3-cpp/Rectangulo.h" />
		<Unit filename="parciales/ea3-cpp/Triangulo.cpp" />
		<Unit filename="parciales/ea3-cpp/Triangulo.h" />
		<Unit filename="parciales/ea3-cpp/main.cpp" />
		<Extensions />
	</Project>
</CodeBlocks_project_file>
