<?xml version="1.0" encoding="UTF-8" standalone="yes" ?>
<CodeBlocks_project_file>
	<FileVersion major="1" minor="6" />
	<Project>
		<Option title="progra1-unlam" />
		<Option pch_mode="2" />
		<Option compiler="gcc" />
		<Build>
			<Target title="Debug">
				<Option output="bin/Debug/progra1-unlam" prefix_auto="1" extension_auto="1" />
				<Option object_output="obj/Debug/" />
				<Option type="1" />
				<Option compiler="gcc" />
				<Compiler>
					<Add option="-g" />
				</Compiler>
			</Target>
			<Target title="Release">
				<Option output="bin/Release/progra1-unlam" prefix_auto="1" extension_auto="1" />
				<Option object_output="obj/Release/" />
				<Option type="1" />
				<Option compiler="gcc" />
				<Compiler>
					<Add option="-O2" />
				</Compiler>
				<Linker>
					<Add option="-s" />
				</Linker>
			</Target>
		</Build>
		<Compiler>
			<Add option="-Wall" />
		</Compiler>
		<Unit filename="core/boolean.h" />
		<Unit filename="core/main.c">
			<Option compilerVar="CC" />
		</Unit>
		<Unit filename="core/tp1.c">
			<Option compilerVar="CC" />
		</Unit>
		<Unit filename="core/tp1.h" />
		<Unit filename="tp1/ej1/tp1_ej1.c">
			<Option compilerVar="CC" />
		</Unit>
		<Unit filename="tp1/ej1/tp1_ej1.h" />
		<Unit filename="tp1/ej2/tp1_ej2.c">
			<Option compilerVar="CC" />
		</Unit>
		<Unit filename="tp1/ej2/tp1_ej2.h" />
		<Extensions>
			<lib_finder disable_auto="1" />
		</Extensions>
	</Project>
</CodeBlocks_project_file>
